
Microsoft Visual Studio Solution File, Format Version 12.00
# Visual Studio 15
VisualStudioVersion = 15.0.28307.852
MinimumVisualStudioVersion = 10.0.40219.1
Project("{FAE04EC0-301F-11D3-BF4B-00C04F79EFBC}") = "TextEditor", "TextEditor\TextEditor.csproj", "{0A39702B-71F9-4380-9C65-8DD7F02C3D82}"
EndProject
Global
	GlobalSection(SolutionConfigurationPlatforms) = preSolution
		Debug|Any CPU = Debug|Any CPU
		Release|Any CPU = Release|Any CPU
	EndGlobalSection
	GlobalSection(ProjectConfigurationPlatforms) = postSolution
		{0A39702B-71F9-4380-9C65-8DD7F02C3D82}.Debug|Any CPU.ActiveCfg = Debug|Any CPU
		{0A39702B-71F9-4380-9C65-8DD7F02C3D82}.Debug|Any CPU.Build.0 = Debug|Any CPU
		{0A39702B-71F9-4380-9C65-8DD7F02C3D82}.Release|Any CPU.ActiveCfg = Release|Any CPU
		{0A39702B-71F9-4380-9C65-8DD7F02C3D82}.Release|Any CPU.Build.0 = Release|Any CPU
	EndGlobalSection
	GlobalSection(SolutionProperties) = preSolution
		HideSolutionNode = FALSE
	EndGlobalSection
	GlobalSection(ExtensibilityGlobals) = postSolution
		SolutionGuid = {FB90ECF8-AFEE-4EE3-BA41-1BBD583CBC54}
	EndGlobalSection
EndGlobal
